// !$*UTF8*$!
{
	archiveVersion = 1;
	classes = {
	};
	objectVersion = 48;
	objects = {

/* Begin PBXBuildFile section */
		2BF7DD5D1FFEA4F600928B70 /* AppDelegate.swift in Sources */ = {isa = PBXBuildFile; fileRef = 2BF7DD5C1FFEA4F600928B70 /* AppDelegate.swift */; };
		2BF7DD5F1FFEA4F600928B70 /* CategoriesVC.swift in Sources */ = {isa = PBXBuildFile; fileRef = 2BF7DD5E1FFEA4F600928B70 /* CategoriesVC.swift */; };
		2BF7DD621FFEA4F600928B70 /* Main.storyboard in Resources */ = {isa = PBXBuildFile; fileRef = 2BF7DD601FFEA4F600928B70 /* Main.storyboard */; };
		2BF7DD641FFEA4F600928B70 /* Assets.xcassets in Resources */ = {isa = PBXBuildFile; fileRef = 2BF7DD631FFEA4F600928B70 /* Assets.xcassets */; };
		2BF7DD671FFEA4F600928B70 /* LaunchScreen.storyboard in Resources */ = {isa = PBXBuildFile; fileRef = 2BF7DD651FFEA4F600928B70 /* LaunchScreen.storyboard */; };
		2BF7DD741FFEC26C00928B70 /* CategoryCell.swift in Sources */ = {isa = PBXBuildFile; fileRef = 2BF7DD731FFEC26C00928B70 /* CategoryCell.swift */; };
		2BF7DD761FFEC57400928B70 /* Category.swift in Sources */ = {isa = PBXBuildFile; fileRef = 2BF7DD751FFEC57400928B70 /* Category.swift */; };
		2BF7DD791FFEC84300928B70 /* Service.swift in Sources */ = {isa = PBXBuildFile; fileRef = 2BF7DD781FFEC84300928B70 /* Service.swift */; };
/* End PBXBuildFile section */

/* Begin PBXFileReference section */
		2BF7DD591FFEA4F600928B70 /* coder-swag.app */ = {isa = PBXFileReference; explicitFileType = wrapper.application; includeInIndex = 0; path = "coder-swag.app"; sourceTree = BUILT_PRODUCTS_DIR; };
		2BF7DD5C1FFEA4F600928B70 /* AppDelegate.swift */ = {isa = PBXFileReference; lastKnownFileType = sourcecode.swift; path = AppDelegate.swift; sourceTree = "<group>"; };
		2BF7DD5E1FFEA4F600928B70 /* CategoriesVC.swift */ = {isa = PBXFileReference; lastKnownFileType = sourcecode.swift; path = CategoriesVC.swift; sourceTree = "<group>"; };
		2BF7DD611FFEA4F600928B70 /* Base */ = {isa = PBXFileReference; lastKnownFileType = file.storyboard; name = Base; path = Base.lproj/Main.storyboard; sourceTree = "<group>"; };
		2BF7DD631FFEA4F600928B70 /* Assets.xcassets */ = {isa = PBXFileReference; lastKnownFileType = folder.assetcatalog; path = Assets.xcassets; sourceTree = "<group>"; };
		2BF7DD661FFEA4F600928B70 /* Base */ = {isa = PBXFileReference; lastKnownFileType = file.storyboard; name = Base; path = Base.lproj/LaunchScreen.storyboard; sourceTree = "<group>"; };
		2BF7DD681FFEA4F600928B70 /* Info.plist */ = {isa = PBXFileReference; lastKnownFileType = text.plist.xml; path = Info.plist; sourceTree = "<group>"; };
		2BF7DD731FFEC26C00928B70 /* CategoryCell.swift */ = {isa = PBXFileReference; lastKnownFileType = sourcecode.swift; path = CategoryCell.swift; sourceTree = "<group>"; };
		2BF7DD751FFEC57400928B70 /* Category.swift */ = {isa = PBXFileReference; lastKnownFileType = sourcecode.swift; path = Category.swift; sourceTree = "<group>"; };
		2BF7DD781FFEC84300928B70 /* Service.swift */ = {isa = PBXFileReference; lastKnownFileType = sourcecode.swift; path = Service.swift; sourceTree = "<group>"; };
/* End PBXFileReference section */

/* Begin PBXFrameworksBuildPhase section */
		2BF7DD561FFEA4F600928B70 /* Frameworks */ = {
			isa = PBXFrameworksBuildPhase;
			buildActionMask = 2147483647;
			files = (
			);
			runOnlyForDeploymentPostprocessing = 0;
		};
/* End PBXFrameworksBuildPhase section */

/* Begin PBXGroup section */
		2BF7DD501FFEA4F600928B70 = {
			isa = PBXGroup;
			children = (
				2BF7DD5B1FFEA4F600928B70 /* coder-swag */,
				2BF7DD5A1FFEA4F600928B70 /* Products */,
			);
			sourceTree = "<group>";
		};
		2BF7DD5A1FFEA4F600928B70 /* Products */ = {
			isa = PBXGroup;
			children = (
				2BF7DD591FFEA4F600928B70 /* coder-swag.app */,
			);
			name = Products;
			sourceTree = "<group>";
		};
		2BF7DD5B1FFEA4F600928B70 /* coder-swag */ = {
			isa = PBXGroup;
			children = (
				2BF7DD771FFEC82F00928B70 /* Services */,
				2BF7DD701FFEC19E00928B70 /* View */,
				2BF7DD6F1FFEC19B00928B70 /* Model */,
				2BF7DD6E1FFEC19600928B70 /* Controller */,
				2BF7DD5C1FFEA4F600928B70 /* AppDelegate.swift */,
				2BF7DD601FFEA4F600928B70 /* Main.storyboard */,
				2BF7DD631FFEA4F600928B70 /* Assets.xcassets */,
				2BF7DD651FFEA4F600928B70 /* LaunchScreen.storyboard */,
				2BF7DD681FFEA4F600928B70 /* Info.plist */,
			);
			path = "coder-swag";
			sourceTree = "<group>";
		};
		2BF7DD6E1FFEC19600928B70 /* Controller */ = {
			isa = PBXGroup;
			children = (
				2BF7DD5E1FFEA4F600928B70 /* CategoriesVC.swift */,
			);
			path = Controller;
			sourceTree = "<group>";
		};
		2BF7DD6F1FFEC19B00928B70 /* Model */ = {
			isa = PBXGroup;
			children = (
				2BF7DD751FFEC57400928B70 /* Category.swift */,
			);
			path = Model;
			sourceTree = "<group>";
		};
		2BF7DD701FFEC19E00928B70 /* View */ = {
			isa = PBXGroup;
			children = (
				2BF7DD731FFEC26C00928B70 /* CategoryCell.swift */,
			);
			path = View;
			sourceTree = "<group>";
		};
		2BF7DD771FFEC82F00928B70 /* Services */ = {
			isa = PBXGroup;
			children = (
				2BF7DD781FFEC84300928B70 /* Service.swift */,
			);
			path = Services;
			sourceTree = "<group>";
		};
/* End PBXGroup section */

/* Begin PBXNativeTarget section */
		2BF7DD581FFEA4F600928B70 /* coder-swag */ = {
			isa = PBXNativeTarget;
			buildConfigurationList = 2BF7DD6B1FFEA4F600928B70 /* Build configuration list for PBXNativeTarget "coder-swag" */;
			buildPhases = (
				2BF7DD551FFEA4F600928B70 /* Sources */,
				2BF7DD561FFEA4F600928B70 /* Frameworks */,
				2BF7DD571FFEA4F600928B70 /* Resources */,
			);
			buildRules = (
			);
			dependencies = (
			);
			name = "coder-swag";
			productName = "coder-swag";
			productReference = 2BF7DD591FFEA4F600928B70 /* coder-swag.app */;
			productType = "com.apple.product-type.application";
		};
/* End PBXNativeTarget section */

/* Begin PBXProject section */
		2BF7DD511FFEA4F600928B70 /* Project object */ = {
			isa = PBXProject;
			attributes = {
				LastSwiftUpdateCheck = 0920;
				LastUpgradeCheck = 0920;
				ORGANIZATIONNAME = Codeunicum;
				TargetAttributes = {
					2BF7DD581FFEA4F600928B70 = {
						CreatedOnToolsVersion = 9.2;
						ProvisioningStyle = Automatic;
					};
				};
			};
			buildConfigurationList = 2BF7DD541FFEA4F600928B70 /* Build configuration list for PBXProject "coder-swag" */;
			compatibilityVersion = "Xcode 8.0";
			developmentRegion = en;
			hasScannedForEncodings = 0;
			knownRegions = (
				en,
				Base,
			);
			mainGroup = 2BF7DD501FFEA4F600928B70;
			productRefGroup = 2BF7DD5A1FFEA4F600928B70 /* Products */;
			projectDirPath = "";
			projectRoot = "";
			targets = (
				2BF7DD581FFEA4F600928B70 /* coder-swag */,
			);
		};
/* End PBXProject section */

/* Begin PBXResourcesBuildPhase section */
		2BF7DD571FFEA4F600928B70 /* Resources */ = {
			isa = PBXResourcesBuildPhase;
			buildActionMask = 2147483647;
			files = (
				2BF7DD671FFEA4F600928B70 /* LaunchScreen.storyboard in Resources */,
				2BF7DD641FFEA4F600928B70 /* Assets.xcassets in Resources */,
				2BF7DD621FFEA4F600928B70 /* Main.storyboard in Resources */,
			);
			runOnlyForDeploymentPostprocessing = 0;
		};
/* End PBXResourcesBuildPhase section */

/* Begin PBXSourcesBuildPhase section */
		2BF7DD551FFEA4F600928B70 /* Sources */ = {
			isa = PBXSourcesBuildPhase;
			buildActionMask = 2147483647;
			files = (
				2BF7DD5F1FFEA4F600928B70 /* CategoriesVC.swift in Sources */,
				2BF7DD5D1FFEA4F600928B70 /* AppDelegate.swift in Sources */,
				2BF7DD791FFEC84300928B70 /* Service.swift in Sources */,
				2BF7DD741FFEC26C00928B70 /* CategoryCell.swift in Sources */,
				2BF7DD761FFEC57400928B70 /* Category.swift in Sources */,
			);
			runOnlyForDeploymentPostprocessing = 0;
		};
/* End PBXSourcesBuildPhase section */

/* Begin PBXVariantGroup section */
		2BF7DD601FFEA4F600928B70 /* Main.storyboard */ = {
			isa = PBXVariantGroup;
			children = (
				2BF7DD611FFEA4F600928B70 /* Base */,
			);
			name = Main.storyboard;
			sourceTree = "<group>";
		};
		2BF7DD651FFEA4F600928B70 /* LaunchScreen.storyboard */ = {
			isa = PBXVariantGroup;
			children = (
				2BF7DD661FFEA4F600928B70 /* Base */,
			);
			name = LaunchScreen.storyboard;
			sourceTree = "<group>";
		};
/* End PBXVariantGroup section */

/* Begin XCBuildConfiguration section */
		2BF7DD691FFEA4F600928B70 /* Debug */ = {
			isa = XCBuildConfiguration;
			buildSettings = {
				ALWAYS_SEARCH_USER_PATHS = NO;
				CLANG_ANALYZER_NONNULL = YES;
				CLANG_ANALYZER_NUMBER_OBJECT_CONVERSION = YES_AGGRESSIVE;
				CLANG_CXX_LANGUAGE_STANDARD = "gnu++14";
				CLANG_CXX_LIBRARY = "libc++";
				CLANG_ENABLE_MODULES = YES;
				CLANG_ENABLE_OBJC_ARC = YES;
				CLANG_WARN_BLOCK_CAPTURE_AUTORELEASING = YES;
				CLANG_WARN_BOOL_CONVERSION = YES;
				CLANG_WARN_COMMA = YES;
				CLANG_WARN_CONSTANT_CONVERSION = YES;
				CLANG_WARN_DIRECT_OBJC_ISA_USAGE = YES_ERROR;
				CLANG_WARN_DOCUMENTATION_COMMENTS = YES;
				CLANG_WARN_EMPTY_BODY = YES;
				CLANG_WARN_ENUM_CONVERSION = YES;
				CLANG_WARN_INFINITE_RECURSION = YES;
				CLANG_WARN_INT_CONVERSION = YES;
				CLANG_WARN_NON_LITERAL_NULL_CONVERSION = YES;
				CLANG_WARN_OBJC_LITERAL_CONVERSION = YES;
				CLANG_WARN_OBJC_ROOT_CLASS = YES_ERROR;
				CLANG_WARN_RANGE_LOOP_ANALYSIS = YES;
				CLANG_WARN_STRICT_PROTOTYPES = YES;
				CLANG_WARN_SUSPICIOUS_MOVE = YES;
				CLANG_WARN_UNGUARDED_AVAILABILITY = YES_AGGRESSIVE;
				CLANG_WARN_UNREACHABLE_CODE = YES;
				CLANG_WARN__DUPLICATE_METHOD_MATCH = YES;
				CODE_SIGN_IDENTITY = "iPhone Developer";
				COPY_PHASE_STRIP = NO;
				DEBUG_INFORMATION_FORMAT = dwarf;
				ENABLE_STRICT_OBJC_MSGSEND = YES;
				ENABLE_TESTABILITY = YES;
				GCC_C_LANGUAGE_STANDARD = gnu11;
				GCC_DYNAMIC_NO_PIC = NO;
				GCC_NO_COMMON_BLOCKS = YES;
				GCC_OPTIMIZATION_LEVEL = 0;
				GCC_PREPROCESSOR_DEFINITIONS = (
					"DEBUG=1",
					"$(inherited)",
				);
				GCC_WARN_64_TO_32_BIT_CONVERSION = YES;
				GCC_WARN_ABOUT_RETURN_TYPE = YES_ERROR;
				GCC_WARN_UNDECLARED_SELECTOR = YES;
				GCC_WARN_UNINITIALIZED_AUTOS = YES_AGGRESSIVE;
				GCC_WARN_UNUSED_FUNCTION = YES;
				GCC_WARN_UNUSED_VARIABLE = YES;
				IPHONEOS_DEPLOYMENT_TARGET = 11.2;
				MTL_ENABLE_DEBUG_INFO = YES;
				ONLY_ACTIVE_ARCH = YES;
				SDKROOT = iphoneos;
				SWIFT_ACTIVE_COMPILATION_CONDITIONS = DEBUG;
				SWIFT_OPTIMIZATION_LEVEL = "-Onone";
			};
			name = Debug;
		};
		2BF7DD6A1FFEA4F600928B70 /* Release */ = {
			isa = XCBuildConfiguration;
			buildSettings = {
				ALWAYS_SEARCH_USER_PATHS = NO;
				CLANG_ANALYZER_NONNULL = YES;
				CLANG_ANALYZER_NUMBER_OBJECT_CONVERSION = YES_AGGRESSIVE;
				CLANG_CXX_LANGUAGE_STANDARD = "gnu++14";
				CLANG_CXX_LIBRARY = "libc++";
				CLANG_ENABLE_MODULES = YES;
				CLANG_ENABLE_OBJC_ARC = YES;
				CLANG_WARN_BLOCK_CAPTURE_AUTORELEASING = YES;
				CLANG_WARN_BOOL_CONVERSION = YES;
				CLANG_WARN_COMMA = YES;
				CLANG_WARN_CONSTANT_CONVERSION = YES;
				CLANG_WARN_DIRECT_OBJC_ISA_USAGE = YES_ERROR;
				CLANG_WARN_DOCUMENTATION_COMMENTS = YES;
				CLANG_WARN_EMPTY_BODY = YES;
				CLANG_WARN_ENUM_CONVERSION = YES;
				CLANG_WARN_INFINITE_RECURSION = YES;
				CLANG_WARN_INT_CONVERSION = YES;
				CLANG_WARN_NON_LITERAL_NULL_CONVERSION = YES;
				CLANG_WARN_OBJC_LITERAL_CONVERSION = YES;
				CLANG_WARN_OBJC_ROOT_CLASS = YES_ERROR;
				CLANG_WARN_RANGE_LOOP_ANALYSIS = YES;
				CLANG_WARN_STRICT_PROTOTYPES = YES;
				CLANG_WARN_SUSPICIOUS_MOVE = YES;
				CLANG_WARN_UNGUARDED_AVAILABILITY = YES_AGGRESSIVE;
				CLANG_WARN_UNREACHABLE_CODE = YES;
				CLANG_WARN__DUPLICATE_METHOD_MATCH = YES;
				CODE_SIGN_IDENTITY = "iPhone Developer";
				COPY_PHASE_STRIP = NO;
				DEBUG_INFORMATION_FORMAT = "dwarf-with-dsym";
				ENABLE_NS_ASSERTIONS = NO;
				ENABLE_STRICT_OBJC_MSGSEND = YES;
				GCC_C_LANGUAGE_STANDARD = gnu11;
				GCC_NO_COMMON_BLOCKS = YES;
				GCC_WARN_64_TO_32_BIT_CONVERSION = YES;
				GCC_WARN_ABOUT_RETURN_TYPE = YES_ERROR;
				GCC_WARN_UNDECLARED_SELECTOR = YES;
				GCC_WARN_UNINITIALIZED_AUTOS = YES_AGGRESSIVE;
				GCC_WARN_UNUSED_FUNCTION = YES;
				GCC_WARN_UNUSED_VARIABLE = YES;
				IPHONEOS_DEPLOYMENT_TARGET = 11.2;
				MTL_ENABLE_DEBUG_INFO = NO;
				SDKROOT = iphoneos;
				SWIFT_OPTIMIZATION_LEVEL = "-Owholemodule";
				VALIDATE_PRODUCT = YES;
			};
			name = Release;
		};
		2BF7DD6C1FFEA4F600928B70 /* Debug */ = {
			isa = XCBuildConfiguration;
			buildSettings = {
				ASSETCATALOG_COMPILER_APPICON_NAME = AppIcon;
				CODE_SIGN_STYLE = Automatic;
				DEVELOPMENT_TEAM = UVU2QZYK46;
				INFOPLIST_FILE = "coder-swag/Info.plist";
				LD_RUNPATH_SEARCH_PATHS = "$(inherited) @executable_path/Frameworks";
				PRODUCT_BUNDLE_IDENTIFIER = "com.Codeunicum.coder-swag";
				PRODUCT_NAME = "$(TARGET_NAME)";
				SWIFT_VERSION = 4.0;
				TARGETED_DEVICE_FAMILY = "1,2";
			};
			name = Debug;
		};
		2BF7DD6D1FFEA4F600928B70 /* Release */ = {
			isa = XCBuildConfiguration;
			buildSettings = {
				ASSETCATALOG_COMPILER_APPICON_NAME = AppIcon;
				CODE_SIGN_STYLE = Automatic;
				DEVELOPMENT_TEAM = UVU2QZYK46;
				INFOPLIST_FILE = "coder-swag/Info.plist";
				LD_RUNPATH_SEARCH_PATHS = "$(inherited) @executable_path/Frameworks";
				PRODUCT_BUNDLE_IDENTIFIER = "com.Codeunicum.coder-swag";
				PRODUCT_NAME = "$(TARGET_NAME)";
				SWIFT_VERSION = 4.0;
				TARGETED_DEVICE_FAMILY = "1,2";
			};
			name = Release;
		};
/* End XCBuildConfiguration section */

/* Begin XCConfigurationList section */
		2BF7DD541FFEA4F600928B70 /* Build configuration list for PBXProject "coder-swag" */ = {
			isa = XCConfigurationList;
			buildConfigurations = (
				2BF7DD691FFEA4F600928B70 /* Debug */,
				2BF7DD6A1FFEA4F600928B70 /* Release */,
			);
			defaultConfigurationIsVisible = 0;
			defaultConfigurationName = Release;
		};
		2BF7DD6B1FFEA4F600928B70 /* Build configuration list for PBXNativeTarget "coder-swag" */ = {
			isa = XCConfigurationList;
			buildConfigurations = (
				2BF7DD6C1FFEA4F600928B70 /* Debug */,
				2BF7DD6D1FFEA4F600928B70 /* Release */,
			);
			defaultConfigurationIsVisible = 0;
			defaultConfigurationName = Release;
		};
/* End XCConfigurationList section */
	};
	rootObject = 2BF7DD511FFEA4F600928B70 /* Project object */;
}
